{
    "_meta": {
        "hash": {
            "sha256": "14f10c9d1a343d6a42d77fbbec07dce2a8c9410e16a570c2fa04fbb9965fed9a"
        },
        "pipfile-spec": 6,
        "requires": {
            "python_full_version": "3.9.7",
            "python_version": "3.9"
        },
        "sources": [
            {
                "name": "pypi",
                "url": "https://pypi.org/simple",
                "verify_ssl": true
            }
        ]
    },
    "default": {
        "numpy": {
            "hashes": [
                "sha256:0ec87a7084caa559c36e0a2309e4ecb1baa03b687201d0a847c8b0ed476a7187",
                "sha256:1a7d6acc2e7524c9955e5c903160aa4ea083736fde7e91276b0e5d98e6332812",
                "sha256:202de8f38fc4a45a3eea4b63e2f376e5f2dc64ef0fa692838e31a808520efaf7",
                "sha256:210461d87fb02a84ef243cac5e814aad2b7f4be953b32cb53327bb49fd77fbb4",
                "sha256:2d926b52ba1367f9acb76b0df6ed21f0b16a1ad87c6720a1121674e5cf63e2b6",
                "sha256:352ee00c7f8387b44d19f4cada524586f07379c0d49270f87233983bc5087ca0",
                "sha256:35400e6a8d102fd07c71ed7dcadd9eb62ee9a6e84ec159bd48c28235bbb0f8e4",
                "sha256:3c1104d3c036fb81ab923f507536daedc718d0ad5a8707c6061cdfd6d184e570",
                "sha256:4719d5aefb5189f50887773699eaf94e7d1e02bf36c1a9d353d9f46703758ca4",
                "sha256:4749e053a29364d3452c034827102ee100986903263e89884922ef01a0a6fd2f",
                "sha256:5342cf6aad47943286afa6f1609cad9b4266a05e7f2ec408e2cf7aea7ff69d80",
                "sha256:56e48aec79ae238f6e4395886b5eaed058abb7231fb3361ddd7bfdf4eed54289",
                "sha256:76e3f4e85fc5d4fd311f6e9b794d0c00e7002ec122be271f2019d63376f1d385",
                "sha256:7776ea65423ca6a15255ba1872d82d207bd1e09f6d0894ee4a64678dd2204078",
                "sha256:784c6da1a07818491b0ffd63c6bbe5a33deaa0e25a20e1b3ea20cf0e43f8046c",
                "sha256:8535303847b89aa6b0f00aa1dc62867b5a32923e4d1681a35b5eef2d9591a463",
                "sha256:9a7721ec204d3a237225db3e194c25268faf92e19338a35f3a224469cb6039a3",
                "sha256:a1d3c026f57ceaad42f8231305d4653d5f05dc6332a730ae5c0bea3513de0950",
                "sha256:ab344f1bf21f140adab8e47fdbc7c35a477dc01408791f8ba00d018dd0bc5155",
                "sha256:ab5f23af8c16022663a652d3b25dcdc272ac3f83c3af4c02eb8b824e6b3ab9d7",
                "sha256:ae8d0be48d1b6ed82588934aaaa179875e7dc4f3d84da18d7eae6eb3f06c242c",
                "sha256:c91c4afd8abc3908e00a44b2672718905b8611503f7ff87390cc0ac3423fb096",
                "sha256:d5036197ecae68d7f491fcdb4df90082b0d4960ca6599ba2659957aafced7c17",
                "sha256:d6cc757de514c00b24ae8cf5c876af2a7c3df189028d68c0cb4eaa9cd5afc2bf",
                "sha256:d933fabd8f6a319e8530d0de4fcc2e6a61917e0b0c271fded460032db42a0fe4",
                "sha256:ea8282b9bcfe2b5e7d491d0bf7f3e2da29700cec05b49e64d6246923329f2b02",
                "sha256:ecde0f8adef7dfdec993fd54b0f78183051b6580f606111a6d789cd14c61ea0c",
                "sha256:f21c442fdd2805e91799fbe044a7b999b8571bb0ab0f7850d0cb9641a687092b"
            ],
            "index": "pypi",
            "version": "==1.24.3"
        },
        "opencv-python": {
            "hashes": [
                "sha256:3424794a711f33284581f3c1e4b071cfc827d02b99d6fd9a35391f517c453306",
                "sha256:7a297e7651e22eb17c265ddbbc80e2ba2a8ff4f4a1696a67c45e5f5798245842",
                "sha256:812af57553ec1c6709060c63f6b7e9ad07ddc0f592f3ccc6d00c71e0fe0e6376",
                "sha256:cd08343654c6b88c5a8c25bf425f8025aed2e3189b4d7306b5861d32affaf737",
                "sha256:d4f8880440c433a0025d78804dda6901d1e8e541a561dda66892d90290aef881",
                "sha256:ebfc0a3a2f57716e709028b992e4de7fd8752105d7a768531c4f434043c6f9ff",
                "sha256:eda115797b114fc16ca6f182b91c5d984f0015c19bec3145e55d33d708e9bae1"
            ],
            "index": "pypi",
            "version": "==4.7.0.72"
        },
        "pymupdf": {
            "hashes": [
                "sha256:01daa4e3c2c1b93d357ba0d747d713ad40e0123b9bdca2395bf166f62dd8f703",
                "sha256:07d171255964f5a382e280a95a3148c08fc4ec20bf7907e040cf423cf29afe30",
                "sha256:0a2040351a1279fafa1db82e5af50a785eb01dc4e1adb3c98e0abfd6e0a4995f",
                "sha256:0aff7ba35eb2cc285efea87500dd5ee0aaf94f4bb23a79187f0a74101aba7964",
                "sha256:13e90a5301990dafc5bba6bfa32aafca1f35809497c274c9d4af4f4bac2d8870",
                "sha256:1f00097e8d2bc46dacdb776aeb810b1c760949f6353abdf6d12e8aefdc95dd35",
                "sha256:201c7aecf9530c3a5aa33cd3d6b68e36492ff9ac48cb270d8f18e66654744419",
                "sha256:46c7fab408ae4d55c4181f95a76bc4f365f5ead3291f67274d6fe90f1b90c479",
                "sha256:48ece127e202470209dc63ad8fa85f3e19ce302f5af02d38c7fc0b5798b9bfa6",
                "sha256:4c037d5752efd562ac72e74295dfcc8d8dd406c0f6849054b29d2cbc32237ae0",
                "sha256:4d2422dffdb4f1c2c8128e6d151f4de5e722388df276ac165572ad5290ad228a",
                "sha256:4e0904c9bffdfbb527f4fe293986d74477780f0c98f59fa5b42a95e3e441e1f4",
                "sha256:5932564a713bd7d576418070c3dd926cb5800edb4411f48813f7694af7386d3e",
                "sha256:5ecd928e96e63092571020973aa145b57b75707f3a3df97c742e563112615891",
                "sha256:60db199553fc9c88cb9f2afba35f9cd54c042e7a6ea2b151ddcc542e6e75ac61",
                "sha256:6eddb0975ddd0bcf39812616b5675c26d740f83b12a39c3b5c4425f02c3da754",
                "sha256:90950b328603a83b26c2eb2af0cf5498582fbbab84e86074bbb0ae44d745e2a3",
                "sha256:932747941ed4973410244376ba77693253e4387e8e09cf2458bc9133348fc16e",
                "sha256:9aaf3352d9c443ad7622e70b0ff9124079b09c16a1a1aa3f3dde9ba0e19f32a2",
                "sha256:9d9bccfb29cbe3962a858c200376d54e7ba64d6f64c0b972ed5b68ff20157b06",
                "sha256:a58af441ce454f33f75a4c93a5f76e4659f2c7c849036180f24ab4b84d9e512f",
                "sha256:a67f2b12120ce9fe5c3f7cb192643134af2c4e28773a2cd5d56cbe1cae66d1b9",
                "sha256:be0803be2709285f17c932ee11d4b7f6d11d3e74e1888094e6310c55e9543673",
                "sha256:bf275e5dbf332554f98b469899e5a0928b91cb574a5319aeecf1b7e8075cf4b7",
                "sha256:d4ea7b016c4561004b48143b8879e1d888e5ba3a1440e6558ea9a47f0d2e6f65",
                "sha256:d4f38ecb9518ba2dc12f5f35f33c64ec5466faf20b833f4ac21a2a4190ffef93",
                "sha256:dbffc6cabb0cb20033870bde954bbed1436cf9fce33a14682e283bc893767250",
                "sha256:e344632215882b49fd2e28ffb848f55b1b34db6b5389917e4865b4d779cbdb4a",
                "sha256:ed4a624ffc9bebe5c67fc80e16798300d404089585bcdac14448034bd38c5072",
                "sha256:fa934c1a02f1f3bb04e447b95ef5b19d03cb2575fee76d23cb7a6d0c526444e2"
            ],
            "index": "pypi",
            "version": "==1.22.3"
        }
    },
    "develop": {}
}
